
Microsoft Visual Studio Solution File, Format Version 12.00
# Visual Studio Version 16
VisualStudioVersion = 16.0.32802.440
MinimumVisualStudioVersion = 10.0.40219.1
Project("{FAE04EC0-301F-11D3-BF4B-00C04F79EFBC}") = "SignUp1", "SignUp1\SignUp1.csproj", "{3175DFDB-1A5D-4576-888B-5710E3FCA0CF}"
EndProject
Global
	GlobalSection(SolutionConfigurationPlatforms) = preSolution
		Debug|Any CPU = Debug|Any CPU
		Release|Any CPU = Release|Any CPU
	EndGlobalSection
	GlobalSection(ProjectConfigurationPlatforms) = postSolution
		{3175DFDB-1A5D-4576-888B-5710E3FCA0CF}.Debug|Any CPU.ActiveCfg = Debug|Any CPU
		{3175DFDB-1A5D-4576-888B-5710E3FCA0CF}.Debug|Any CPU.Build.0 = Debug|Any CPU
		{3175DFDB-1A5D-4576-888B-5710E3FCA0CF}.Release|Any CPU.ActiveCfg = Release|Any CPU
		{3175DFDB-1A5D-4576-888B-5710E3FCA0CF}.Release|Any CPU.Build.0 = Release|Any CPU
	EndGlobalSection
	GlobalSection(SolutionProperties) = preSolution
		HideSolutionNode = FALSE
	EndGlobalSection
	GlobalSection(ExtensibilityGlobals) = postSolution
		SolutionGuid = {757FDF31-5E80-40A7-97B6-725C98305EA8}
	EndGlobalSection
EndGlobal
